# THIS IS AN AUTOGENERATED FILE. DO NOT EDIT THIS FILE DIRECTLY.
# yarn lockfile v1


"csv-generate@^3.4.0":
  "integrity" "sha512-D6yi7c6lL70cpTx3TQIVWKrfxuLiKa0pBizu0zi7fSRXlhmE7u674gk9k1IjCEnxKq2t6xzbXnxcOmSdBbE8vQ=="
  "resolved" "https://registry.npmjs.org/csv-generate/-/csv-generate-3.4.0.tgz"
  "version" "3.4.0"

"csv-parse@^4.15.3":
  "integrity" "sha512-OdBbFc0yZhOm17lSxqkirrHlFFVpKRT0wp4DAGoJelsP3LbGzV9LNr7XmM/lrr0uGkCtaqac9UhP8PDHXOAbMg=="
  "resolved" "https://registry.npmjs.org/csv-parse/-/csv-parse-4.15.4.tgz"
  "version" "4.15.4"

"csv-parser@^3.0.0":
  "integrity" "sha512-s6OYSXAK3IdKqYO33y09jhypG/bSDHPuyCme/IdEHfWpLf/jKcpitVFyOC6UemgGk8v7Q5u2XE0vvwmanxhGlQ=="
  "resolved" "https://registry.npmjs.org/csv-parser/-/csv-parser-3.0.0.tgz"
  "version" "3.0.0"
  dependencies:
    "minimist" "^1.2.0"

"csv-stringify@^5.6.2":
  "integrity" "sha512-n3rIVbX6ylm1YsX2NEug9IaPV8xRnT+9/NNZbrA/bcHgOSSeqtWla6XnI/xmyu57wIw+ASCAoX1oM6EZtqJV0A=="
  "resolved" "https://registry.npmjs.org/csv-stringify/-/csv-stringify-5.6.2.tgz"
  "version" "5.6.2"

"csv@^5.5.0":
  "integrity" "sha512-32tcuxdb4HW3zbk8NBcVQb8/7xuJB5sv+q4BuQ6++E/K6JvHvWoCHcGzB5Au95vVikNH4ztE0XNC/Bws950cfA=="
  "resolved" "https://registry.npmjs.org/csv/-/csv-5.5.0.tgz"
  "version" "5.5.0"
  dependencies:
    "csv-generate" "^3.4.0"
    "csv-parse" "^4.15.3"
    "csv-stringify" "^5.6.2"
    "stream-transform" "^2.1.0"

"minimist@^1.2.0":
  "integrity" "sha1-Z9ZgFLZqaoqqDAg8X9WN9OTpdgI="
  "resolved" "https://registry.npmjs.org/minimist/-/minimist-1.2.5.tgz"
  "version" "1.2.5"

"mixme@^0.5.0":
  "integrity" "sha512-NaeZIckeBFT7i0XBEpGyFcAE0/bLcQ9MHErTpnU3bLWVE5WZbxG5Y3fDsMxYGifTo5khDA42OquXCC2ngKJB+g=="
  "resolved" "https://registry.npmjs.org/mixme/-/mixme-0.5.1.tgz"
  "version" "0.5.1"

"stream-transform@^2.1.0":
  "integrity" "sha512-bwQO+75rzQbug7e5OOHnOR3FgbJ0fCjHmDIdynkwUaFzleBXugGmv2dx3sX3aIHUQRLjrcisRPgN9BWl63uGgw=="
  "resolved" "https://registry.npmjs.org/stream-transform/-/stream-transform-2.1.0.tgz"
  "version" "2.1.0"
  dependencies:
    "mixme" "^0.5.0"
