# THIS IS AN AUTOGENERATED FILE. DO NOT EDIT THIS FILE DIRECTLY.
# yarn lockfile v1


"@electron/get@^1.0.1":
  "integrity" "sha1-pZcRE/wb+PoSqHidwgFSpzWfBqs="
  "resolved" "https://registry.npmjs.org/@electron/get/-/get-1.12.4.tgz"
  "version" "1.12.4"
  dependencies:
    "debug" "^4.1.1"
    "env-paths" "^2.2.0"
    "fs-extra" "^8.1.0"
    "got" "^9.6.0"
    "progress" "^2.0.3"
    "semver" "^6.2.0"
    "sumchecker" "^3.0.1"
  optionalDependencies:
    "global-agent" "^2.0.2"
    "global-tunnel-ng" "^2.7.1"

"@sindresorhus/is@^0.14.0":
  "integrity" "sha1-n7OjzzEyMoFR81PeRjLgHlIQK+o="
  "resolved" "https://registry.npmjs.org/@sindresorhus/is/-/is-0.14.0.tgz"
  "version" "0.14.0"

"@szmarczak/http-timer@^1.1.2":
  "integrity" "sha1-sWZeLEYaLNkvTBu/UNVFTeDUtCE="
  "resolved" "https://registry.npmjs.org/@szmarczak/http-timer/-/http-timer-1.1.2.tgz"
  "version" "1.1.2"
  dependencies:
    "defer-to-connect" "^1.0.1"

"@types/node@^12.0.12":
  "integrity" "sha512-xRCgeE0Q4pT5UZ189TJ3SpYuX/QGl6QIAOAIeDSbAVAd2gX1NxSZup4jNVK7cxIeP8KDSbJgcckun495isP1jQ=="
  "resolved" "https://registry.npmjs.org/@types/node/-/node-12.20.4.tgz"
  "version" "12.20.4"

"boolean@^3.0.1":
  "integrity" "sha1-4w8hCiawJFhIKozDU6sG8mKngMI="
  "resolved" "https://registry.npmjs.org/boolean/-/boolean-3.1.2.tgz"
  "version" "3.1.2"

"buffer-crc32@~0.2.3":
  "integrity" "sha1-DTM+PwDqxQqhRUq9MO+MKl2ackI="
  "resolved" "https://registry.npmjs.org/buffer-crc32/-/buffer-crc32-0.2.13.tgz"
  "version" "0.2.13"

"buffer-from@^1.0.0":
  "integrity" "sha512-MQcXEUbCKtEo7bhqEs6560Hyd4XaovZlO/k9V3hjVUF/zwW7KBVdSK4gIt/bzwS9MbR5qob+F5jusZsb0YQK2A=="
  "resolved" "https://registry.npmjs.org/buffer-from/-/buffer-from-1.1.1.tgz"
  "version" "1.1.1"

"cacheable-request@^6.0.0":
  "integrity" "sha1-IP+4vRYrpL4R6VZ9gj22UQUsqRI="
  "resolved" "https://registry.npmjs.org/cacheable-request/-/cacheable-request-6.1.0.tgz"
  "version" "6.1.0"
  dependencies:
    "clone-response" "^1.0.2"
    "get-stream" "^5.1.0"
    "http-cache-semantics" "^4.0.0"
    "keyv" "^3.0.0"
    "lowercase-keys" "^2.0.0"
    "normalize-url" "^4.1.0"
    "responselike" "^1.0.2"

"clone-response@^1.0.2":
  "integrity" "sha1-0dyXOSAxTfZ/vrlCI7TuNQI56Ws="
  "resolved" "https://registry.npmjs.org/clone-response/-/clone-response-1.0.2.tgz"
  "version" "1.0.2"
  dependencies:
    "mimic-response" "^1.0.0"

"concat-stream@^1.6.2":
  "integrity" "sha512-27HBghJxjiZtIk3Ycvn/4kbJk/1uZuJFfuPEns6LaEvpvG1f0hTea8lilrouyo9mVc2GWdcEZ8OLoGmSADlrCw=="
  "resolved" "https://registry.npmjs.org/concat-stream/-/concat-stream-1.6.2.tgz"
  "version" "1.6.2"
  dependencies:
    "buffer-from" "^1.0.0"
    "inherits" "^2.0.3"
    "readable-stream" "^2.2.2"
    "typedarray" "^0.0.6"

"config-chain@^1.1.11":
  "integrity" "sha1-+tB5Wqamza/57Rto6d/5Q3LCMvQ="
  "resolved" "https://registry.npmjs.org/config-chain/-/config-chain-1.1.13.tgz"
  "version" "1.1.13"
  dependencies:
    "ini" "^1.3.4"
    "proto-list" "~1.2.1"

"core-js@^3.6.5":
  "integrity" "sha1-dAZg0v9V7zTOZk1+JFURnFvdPWE="
  "resolved" "https://registry.npmjs.org/core-js/-/core-js-3.15.2.tgz"
  "version" "3.15.2"

"core-util-is@~1.0.0":
  "integrity" "sha1-tf1UIgqivFq1eqtxQMlAdUUDwac="
  "resolved" "https://registry.npmjs.org/core-util-is/-/core-util-is-1.0.2.tgz"
  "version" "1.0.2"

"csv-generate@^3.4.0":
  "integrity" "sha512-D6yi7c6lL70cpTx3TQIVWKrfxuLiKa0pBizu0zi7fSRXlhmE7u674gk9k1IjCEnxKq2t6xzbXnxcOmSdBbE8vQ=="
  "resolved" "https://registry.npmjs.org/csv-generate/-/csv-generate-3.4.0.tgz"
  "version" "3.4.0"

"csv-parse@^4.15.3":
  "integrity" "sha512-OdBbFc0yZhOm17lSxqkirrHlFFVpKRT0wp4DAGoJelsP3LbGzV9LNr7XmM/lrr0uGkCtaqac9UhP8PDHXOAbMg=="
  "resolved" "https://registry.npmjs.org/csv-parse/-/csv-parse-4.15.4.tgz"
  "version" "4.15.4"

"csv-parser@^3.0.0":
  "integrity" "sha512-s6OYSXAK3IdKqYO33y09jhypG/bSDHPuyCme/IdEHfWpLf/jKcpitVFyOC6UemgGk8v7Q5u2XE0vvwmanxhGlQ=="
  "resolved" "https://registry.npmjs.org/csv-parser/-/csv-parser-3.0.0.tgz"
  "version" "3.0.0"
  dependencies:
    "minimist" "^1.2.0"

"csv-stringify@^5.6.2":
  "integrity" "sha512-n3rIVbX6ylm1YsX2NEug9IaPV8xRnT+9/NNZbrA/bcHgOSSeqtWla6XnI/xmyu57wIw+ASCAoX1oM6EZtqJV0A=="
  "resolved" "https://registry.npmjs.org/csv-stringify/-/csv-stringify-5.6.2.tgz"
  "version" "5.6.2"

"csv@^5.5.0":
  "integrity" "sha512-32tcuxdb4HW3zbk8NBcVQb8/7xuJB5sv+q4BuQ6++E/K6JvHvWoCHcGzB5Au95vVikNH4ztE0XNC/Bws950cfA=="
  "resolved" "https://registry.npmjs.org/csv/-/csv-5.5.0.tgz"
  "version" "5.5.0"
  dependencies:
    "csv-generate" "^3.4.0"
    "csv-parse" "^4.15.3"
    "csv-stringify" "^5.6.2"
    "stream-transform" "^2.1.0"

"debug@^2.6.9":
  "integrity" "sha512-bC7ElrdJaJnPbAP+1EotYvqZsb3ecl5wi6Bfi6BJTUcNowp6cvspg0jXznRTKDjm/E7AdgFBVeAPVMNcKGsHMA=="
  "resolved" "https://registry.npmjs.org/debug/-/debug-2.6.9.tgz"
  "version" "2.6.9"
  dependencies:
    "ms" "2.0.0"

"debug@^4.1.0", "debug@^4.1.1":
  "integrity" "sha512-doEwdvm4PCeK4K3RQN2ZC2BYUBaxwLARCqZmMjtF8a51J2Rb0xpVloFRnCODwqjpwnAoao4pelN8l3RJdv3gRQ=="
  "resolved" "https://registry.npmjs.org/debug/-/debug-4.3.1.tgz"
  "version" "4.3.1"
  dependencies:
    "ms" "2.1.2"

"decompress-response@^3.3.0":
  "integrity" "sha1-gKTdMjdIOEv6JICDYirt7Jgq3/M="
  "resolved" "https://registry.npmjs.org/decompress-response/-/decompress-response-3.3.0.tgz"
  "version" "3.3.0"
  dependencies:
    "mimic-response" "^1.0.0"

"defer-to-connect@^1.0.1":
  "integrity" "sha1-MxrgUMCNz3ifjIOnuB8O2U9KxZE="
  "resolved" "https://registry.npmjs.org/defer-to-connect/-/defer-to-connect-1.1.3.tgz"
  "version" "1.1.3"

"define-properties@^1.1.3":
  "integrity" "sha1-z4jabL7ib+bbcJT2HYcMvYTO6fE="
  "resolved" "https://registry.npmjs.org/define-properties/-/define-properties-1.1.3.tgz"
  "version" "1.1.3"
  dependencies:
    "object-keys" "^1.0.12"

"detect-node@^2.0.4":
  "integrity" "sha1-yccHdaScPQO8LAbZpzvlUPl4+LE="
  "resolved" "https://registry.npmjs.org/detect-node/-/detect-node-2.1.0.tgz"
  "version" "2.1.0"

"duplexer3@^0.1.4":
  "integrity" "sha1-7gHdHKwO08vH/b6jfcCo8c4ALOI="
  "resolved" "https://registry.npmjs.org/duplexer3/-/duplexer3-0.1.4.tgz"
  "version" "0.1.4"

"electron@^7.0.0":
  "integrity" "sha512-vrF1loRW1p0vQCbduqO0EZpo8ePJOuxUT6tSoUSU3lsbGK3VnlJop+0PpCIPzbe2K4G4Gk7WexH08V9se7mJcA=="
  "resolved" "https://registry.npmjs.org/electron/-/electron-7.0.0.tgz"
  "version" "7.0.0"
  dependencies:
    "@electron/get" "^1.0.1"
    "@types/node" "^12.0.12"
    "extract-zip" "^1.0.3"

"encodeurl@^1.0.2":
  "integrity" "sha1-rT/0yG7C0CkyL1oCw6mmBslbP1k="
  "resolved" "https://registry.npmjs.org/encodeurl/-/encodeurl-1.0.2.tgz"
  "version" "1.0.2"

"end-of-stream@^1.1.0":
  "integrity" "sha1-WuZKX0UFe682JuwU2gyl5LJDHrA="
  "resolved" "https://registry.npmjs.org/end-of-stream/-/end-of-stream-1.4.4.tgz"
  "version" "1.4.4"
  dependencies:
    "once" "^1.4.0"

"env-paths@^2.2.0":
  "integrity" "sha1-QgOZ1BbOH76bwKB8Yvpo1n/Q+PI="
  "resolved" "https://registry.npmjs.org/env-paths/-/env-paths-2.2.1.tgz"
  "version" "2.2.1"

"es6-error@^4.1.1":
  "integrity" "sha1-njr0B0Wd7tR+mpH5uIWoTrBcVh0="
  "resolved" "https://registry.npmjs.org/es6-error/-/es6-error-4.1.1.tgz"
  "version" "4.1.1"

"escape-string-regexp@^4.0.0":
  "integrity" "sha1-FLqDpdNz49MR5a/KKc9b+tllvzQ="
  "resolved" "https://registry.npmjs.org/escape-string-regexp/-/escape-string-regexp-4.0.0.tgz"
  "version" "4.0.0"

"extract-zip@^1.0.3":
  "integrity" "sha512-xoh5G1W/PB0/27lXgMQyIhP5DSY/LhoCsOyZgb+6iMmRtCwVBo55uKaMoEYrDCKQhWvqEip5ZPKAc6eFNyf/MA=="
  "resolved" "https://registry.npmjs.org/extract-zip/-/extract-zip-1.7.0.tgz"
  "version" "1.7.0"
  dependencies:
    "concat-stream" "^1.6.2"
    "debug" "^2.6.9"
    "mkdirp" "^0.5.4"
    "yauzl" "^2.10.0"

"fd-slicer@~1.1.0":
  "integrity" "sha1-JcfInLH5B3+IkbvmHY85Dq4lbx4="
  "resolved" "https://registry.npmjs.org/fd-slicer/-/fd-slicer-1.1.0.tgz"
  "version" "1.1.0"
  dependencies:
    "pend" "~1.2.0"

"fs-extra@^8.1.0":
  "integrity" "sha512-yhlQgA6mnOJUKOsRUFsgJdQCvkKhcz8tlZG5HBQfReYZy46OwLcY+Zia0mtdHsOo9y/hP+CxMN0TU9QxoOtG4g=="
  "resolved" "https://registry.npmjs.org/fs-extra/-/fs-extra-8.1.0.tgz"
  "version" "8.1.0"
  dependencies:
    "graceful-fs" "^4.2.0"
    "jsonfile" "^4.0.0"
    "universalify" "^0.1.0"

"get-stream@^4.1.0":
  "integrity" "sha1-wbJVV189wh1Zv8ec09K0axw6VLU="
  "resolved" "https://registry.npmjs.org/get-stream/-/get-stream-4.1.0.tgz"
  "version" "4.1.0"
  dependencies:
    "pump" "^3.0.0"

"get-stream@^5.1.0":
  "integrity" "sha1-SWaheV7lrOZecGxLe+txJX1uItM="
  "resolved" "https://registry.npmjs.org/get-stream/-/get-stream-5.2.0.tgz"
  "version" "5.2.0"
  dependencies:
    "pump" "^3.0.0"

"global-agent@^2.0.2":
  "integrity" "sha1-VmMxsGRua/eUKaFod2hcSh+/dtw="
  "resolved" "https://registry.npmjs.org/global-agent/-/global-agent-2.2.0.tgz"
  "version" "2.2.0"
  dependencies:
    "boolean" "^3.0.1"
    "core-js" "^3.6.5"
    "es6-error" "^4.1.1"
    "matcher" "^3.0.0"
    "roarr" "^2.15.3"
    "semver" "^7.3.2"
    "serialize-error" "^7.0.1"

"global-tunnel-ng@^2.7.1":
  "integrity" "sha1-0DtRAt/eOmmRT17n2GdhyjXVfY8="
  "resolved" "https://registry.npmjs.org/global-tunnel-ng/-/global-tunnel-ng-2.7.1.tgz"
  "version" "2.7.1"
  dependencies:
    "encodeurl" "^1.0.2"
    "lodash" "^4.17.10"
    "npm-conf" "^1.1.3"
    "tunnel" "^0.0.6"

"globalthis@^1.0.1":
  "integrity" "sha1-KiNdNPTYA2IZ9+NJKbXenhgWa4s="
  "resolved" "https://registry.npmjs.org/globalthis/-/globalthis-1.0.2.tgz"
  "version" "1.0.2"
  dependencies:
    "define-properties" "^1.1.3"

"got@^9.6.0":
  "integrity" "sha1-7fRefWf5lUVwXeH3u+7rEhdl7YU="
  "resolved" "https://registry.npmjs.org/got/-/got-9.6.0.tgz"
  "version" "9.6.0"
  dependencies:
    "@sindresorhus/is" "^0.14.0"
    "@szmarczak/http-timer" "^1.1.2"
    "cacheable-request" "^6.0.0"
    "decompress-response" "^3.3.0"
    "duplexer3" "^0.1.4"
    "get-stream" "^4.1.0"
    "lowercase-keys" "^1.0.1"
    "mimic-response" "^1.0.1"
    "p-cancelable" "^1.0.0"
    "to-readable-stream" "^1.0.0"
    "url-parse-lax" "^3.0.0"

"graceful-fs@^4.1.6", "graceful-fs@^4.2.0":
  "integrity" "sha1-/wQLKwhTsjw9MQJ1I3BvGIXXa+4="
  "resolved" "https://registry.npmjs.org/graceful-fs/-/graceful-fs-4.2.6.tgz"
  "version" "4.2.6"

"http-cache-semantics@^4.0.0":
  "integrity" "sha1-SekcXL82yblLz81xwj1SSex045A="
  "resolved" "https://registry.npmjs.org/http-cache-semantics/-/http-cache-semantics-4.1.0.tgz"
  "version" "4.1.0"

"inherits@^2.0.3", "inherits@~2.0.3":
  "integrity" "sha1-D6LGT5MpF8NDOg3tVTY6rjdBa3w="
  "resolved" "https://registry.npmjs.org/inherits/-/inherits-2.0.4.tgz"
  "version" "2.0.4"

"ini@^1.3.4":
  "integrity" "sha1-op2kJbSIBvNHZ6Tvzjlyaa8oQyw="
  "resolved" "https://registry.npmjs.org/ini/-/ini-1.3.8.tgz"
  "version" "1.3.8"

"isarray@~1.0.0":
  "integrity" "sha1-u5NdSFgsuhaMBoNJV6VKPgcSTxE="
  "resolved" "https://registry.npmjs.org/isarray/-/isarray-1.0.0.tgz"
  "version" "1.0.0"

"json-buffer@3.0.0":
  "integrity" "sha1-Wx85evx11ne96Lz8Dkfh+aPZqJg="
  "resolved" "https://registry.npmjs.org/json-buffer/-/json-buffer-3.0.0.tgz"
  "version" "3.0.0"

"json-stringify-safe@^5.0.1":
  "integrity" "sha1-Epai1Y/UXxmg9s4B1lcB4sc1tus="
  "resolved" "https://registry.npmjs.org/json-stringify-safe/-/json-stringify-safe-5.0.1.tgz"
  "version" "5.0.1"

"jsonfile@^4.0.0":
  "integrity" "sha1-h3Gq4HmbZAdrdmQPygWPnBDjPss="
  "resolved" "https://registry.npmjs.org/jsonfile/-/jsonfile-4.0.0.tgz"
  "version" "4.0.0"
  optionalDependencies:
    "graceful-fs" "^4.1.6"

"keyv@^3.0.0":
  "integrity" "sha1-7MIoSG9pmR5J6UdkhaW+Ho/FxNk="
  "resolved" "https://registry.npmjs.org/keyv/-/keyv-3.1.0.tgz"
  "version" "3.1.0"
  dependencies:
    "json-buffer" "3.0.0"

"lodash@^4.17.10":
  "integrity" "sha1-Z5WRxWTDv/quhFTPCz3zcMPWkRw="
  "resolved" "https://registry.npmjs.org/lodash/-/lodash-4.17.21.tgz"
  "version" "4.17.21"

"lowercase-keys@^1.0.0", "lowercase-keys@^1.0.1":
  "integrity" "sha1-b54wtHCE2XGnyCD/FabFFnt0wm8="
  "resolved" "https://registry.npmjs.org/lowercase-keys/-/lowercase-keys-1.0.1.tgz"
  "version" "1.0.1"

"lowercase-keys@^2.0.0":
  "integrity" "sha1-JgPni3tLAAbLyi+8yKMgJVislHk="
  "resolved" "https://registry.npmjs.org/lowercase-keys/-/lowercase-keys-2.0.0.tgz"
  "version" "2.0.0"

"lru-cache@^6.0.0":
  "integrity" "sha1-bW/mVw69lqr5D8rR2vo7JWbbOpQ="
  "resolved" "https://registry.npmjs.org/lru-cache/-/lru-cache-6.0.0.tgz"
  "version" "6.0.0"
  dependencies:
    "yallist" "^4.0.0"

"matcher@^3.0.0":
  "integrity" "sha1-vZBg9MW3CqgEHMxvgDaHYJlPMMo="
  "resolved" "https://registry.npmjs.org/matcher/-/matcher-3.0.0.tgz"
  "version" "3.0.0"
  dependencies:
    "escape-string-regexp" "^4.0.0"

"mimic-response@^1.0.0", "mimic-response@^1.0.1":
  "integrity" "sha1-SSNTiHju9CBjy4o+OweYeBSHqxs="
  "resolved" "https://registry.npmjs.org/mimic-response/-/mimic-response-1.0.1.tgz"
  "version" "1.0.1"

"minimist@^1.2.0", "minimist@^1.2.5":
  "integrity" "sha1-Z9ZgFLZqaoqqDAg8X9WN9OTpdgI="
  "resolved" "https://registry.npmjs.org/minimist/-/minimist-1.2.5.tgz"
  "version" "1.2.5"

"mixme@^0.5.0":
  "integrity" "sha512-NaeZIckeBFT7i0XBEpGyFcAE0/bLcQ9MHErTpnU3bLWVE5WZbxG5Y3fDsMxYGifTo5khDA42OquXCC2ngKJB+g=="
  "resolved" "https://registry.npmjs.org/mixme/-/mixme-0.5.1.tgz"
  "version" "0.5.1"

"mkdirp@^0.5.4":
  "integrity" "sha512-NKmAlESf6jMGym1++R0Ra7wvhV+wFW63FaSOFPwRahvea0gMUcGUhVeAg/0BC0wiv9ih5NYPB1Wn1UEI1/L+xQ=="
  "resolved" "https://registry.npmjs.org/mkdirp/-/mkdirp-0.5.5.tgz"
  "version" "0.5.5"
  dependencies:
    "minimist" "^1.2.5"

"ms@2.0.0":
  "integrity" "sha1-VgiurfwAvmwpAd9fmGF4jeDVl8g="
  "resolved" "https://registry.npmjs.org/ms/-/ms-2.0.0.tgz"
  "version" "2.0.0"

"ms@2.1.2":
  "integrity" "sha1-0J0fNXtEP0kzgqjrPM0YOHKuYAk="
  "resolved" "https://registry.npmjs.org/ms/-/ms-2.1.2.tgz"
  "version" "2.1.2"

"normalize-url@^4.1.0":
  "integrity" "sha1-DdkM8SiO4dExO4cIHJpZMu5IUYo="
  "resolved" "https://registry.npmjs.org/normalize-url/-/normalize-url-4.5.1.tgz"
  "version" "4.5.1"

"npm-conf@^1.1.3":
  "integrity" "sha1-JWzEe9DiGMJZxOlVC/QTvCGSr/k="
  "resolved" "https://registry.npmjs.org/npm-conf/-/npm-conf-1.1.3.tgz"
  "version" "1.1.3"
  dependencies:
    "config-chain" "^1.1.11"
    "pify" "^3.0.0"

"object-keys@^1.0.12":
  "integrity" "sha1-HEfyct8nfzsdrwYWd9nILiMixg4="
  "resolved" "https://registry.npmjs.org/object-keys/-/object-keys-1.1.1.tgz"
  "version" "1.1.1"

"once@^1.3.1", "once@^1.4.0":
  "integrity" "sha1-WDsap3WWHUsROsF9nFC6753Xa9E="
  "resolved" "https://registry.npmjs.org/once/-/once-1.4.0.tgz"
  "version" "1.4.0"
  dependencies:
    "wrappy" "1"

"p-cancelable@^1.0.0":
  "integrity" "sha1-0HjRWjr0CSIMiG8dmgyi5EGrJsw="
  "resolved" "https://registry.npmjs.org/p-cancelable/-/p-cancelable-1.1.0.tgz"
  "version" "1.1.0"

"pend@~1.2.0":
  "integrity" "sha1-elfrVQpng/kRUzH89GY9XI4AelA="
  "resolved" "https://registry.npmjs.org/pend/-/pend-1.2.0.tgz"
  "version" "1.2.0"

"pify@^3.0.0":
  "integrity" "sha1-5aSs0sEB/fPZpNB/DbxNtJ3SgXY="
  "resolved" "https://registry.npmjs.org/pify/-/pify-3.0.0.tgz"
  "version" "3.0.0"

"prepend-http@^2.0.0":
  "integrity" "sha1-6SQ0v6XqjBn0HN/UAddBo8gZ2Jc="
  "resolved" "https://registry.npmjs.org/prepend-http/-/prepend-http-2.0.0.tgz"
  "version" "2.0.0"

"process-nextick-args@~2.0.0":
  "integrity" "sha512-3ouUOpQhtgrbOa17J7+uxOTpITYWaGP7/AhoR3+A+/1e9skrzelGi/dXzEYyvbxubEF6Wn2ypscTKiKJFFn1ag=="
  "resolved" "https://registry.npmjs.org/process-nextick-args/-/process-nextick-args-2.0.1.tgz"
  "version" "2.0.1"

"progress@^2.0.3":
  "integrity" "sha1-foz42PW48jnBvGi+tOt4Vn1XLvg="
  "resolved" "https://registry.npmjs.org/progress/-/progress-2.0.3.tgz"
  "version" "2.0.3"

"proto-list@~1.2.1":
  "integrity" "sha1-IS1b/hMYMGpCD2QCuOJv85ZHqEk="
  "resolved" "https://registry.npmjs.org/proto-list/-/proto-list-1.2.4.tgz"
  "version" "1.2.4"

"pump@^3.0.0":
  "integrity" "sha1-tKIRaBW94vTh6mAjVOjHVWUQemQ="
  "resolved" "https://registry.npmjs.org/pump/-/pump-3.0.0.tgz"
  "version" "3.0.0"
  dependencies:
    "end-of-stream" "^1.1.0"
    "once" "^1.3.1"

"readable-stream@^2.2.2":
  "integrity" "sha512-Ebho8K4jIbHAxnuxi7o42OrZgF/ZTNcsZj6nRKyUmkhLFq8CHItp/fy6hQZuZmP/n3yZ9VBUbp4zz/mX8hmYPw=="
  "resolved" "https://registry.npmjs.org/readable-stream/-/readable-stream-2.3.7.tgz"
  "version" "2.3.7"
  dependencies:
    "core-util-is" "~1.0.0"
    "inherits" "~2.0.3"
    "isarray" "~1.0.0"
    "process-nextick-args" "~2.0.0"
    "safe-buffer" "~5.1.1"
    "string_decoder" "~1.1.1"
    "util-deprecate" "~1.0.1"

"responselike@^1.0.2":
  "integrity" "sha1-kYcg7ztjHFZCvgaPFa3lpG9Loec="
  "resolved" "https://registry.npmjs.org/responselike/-/responselike-1.0.2.tgz"
  "version" "1.0.2"
  dependencies:
    "lowercase-keys" "^1.0.0"

"roarr@^2.15.3":
  "integrity" "sha1-9f55W3uDjM/jXcYI4Cgrnrouev0="
  "resolved" "https://registry.npmjs.org/roarr/-/roarr-2.15.4.tgz"
  "version" "2.15.4"
  dependencies:
    "boolean" "^3.0.1"
    "detect-node" "^2.0.4"
    "globalthis" "^1.0.1"
    "json-stringify-safe" "^5.0.1"
    "semver-compare" "^1.0.0"
    "sprintf-js" "^1.1.2"

"safe-buffer@~5.1.0", "safe-buffer@~5.1.1":
  "integrity" "sha512-Gd2UZBJDkXlY7GbJxfsE8/nvKkUEU1G38c1siN6QP6a9PT9MmHB8GnpscSmMJSoF8LOIrt8ud/wPtojys4G6+g=="
  "resolved" "https://registry.npmjs.org/safe-buffer/-/safe-buffer-5.1.2.tgz"
  "version" "5.1.2"

"semver-compare@^1.0.0":
  "integrity" "sha1-De4hahyUGrN+nvsXiPavxf9VN/w="
  "resolved" "https://registry.npmjs.org/semver-compare/-/semver-compare-1.0.0.tgz"
  "version" "1.0.0"

"semver@^6.2.0":
  "integrity" "sha512-b39TBaTSfV6yBrapU89p5fKekE2m/NwnDocOVruQFS1/veMgdzuPcnOM34M6CwxW8jH/lxEa5rBoDeUwu5HHTw=="
  "resolved" "https://registry.npmjs.org/semver/-/semver-6.3.0.tgz"
  "version" "6.3.0"

"semver@^7.3.2":
  "integrity" "sha512-PoeGJYh8HK4BTO/a9Tf6ZG3veo/A7ZVsYrSA6J8ny9nb3B1VrpkuN+z9OE5wfE5p6H4LchYZsegiQgbJD94ZFQ=="
  "resolved" "https://registry.npmjs.org/semver/-/semver-7.3.5.tgz"
  "version" "7.3.5"
  dependencies:
    "lru-cache" "^6.0.0"

"serialize-error@^7.0.1":
  "integrity" "sha1-8TYLBEf2H/tIPsQVfHN/q313jhg="
  "resolved" "https://registry.npmjs.org/serialize-error/-/serialize-error-7.0.1.tgz"
  "version" "7.0.1"
  dependencies:
    "type-fest" "^0.13.1"

"sprintf-js@^1.1.2":
  "integrity" "sha1-2hdlJiv4wPVxdJ8q1sJjACB65nM="
  "resolved" "https://registry.npmjs.org/sprintf-js/-/sprintf-js-1.1.2.tgz"
  "version" "1.1.2"

"stream-transform@^2.1.0":
  "integrity" "sha512-bwQO+75rzQbug7e5OOHnOR3FgbJ0fCjHmDIdynkwUaFzleBXugGmv2dx3sX3aIHUQRLjrcisRPgN9BWl63uGgw=="
  "resolved" "https://registry.npmjs.org/stream-transform/-/stream-transform-2.1.0.tgz"
  "version" "2.1.0"
  dependencies:
    "mixme" "^0.5.0"

"string_decoder@~1.1.1":
  "integrity" "sha512-n/ShnvDi6FHbbVfviro+WojiFzv+s8MPMHBczVePfUpDJLwoLT0ht1l4YwBCbi8pJAveEEdnkHyPyTP/mzRfwg=="
  "resolved" "https://registry.npmjs.org/string_decoder/-/string_decoder-1.1.1.tgz"
  "version" "1.1.1"
  dependencies:
    "safe-buffer" "~5.1.0"

"sumchecker@^3.0.1":
  "integrity" "sha1-Y3fplnlauwttNI6bPh37JDRajkI="
  "resolved" "https://registry.npmjs.org/sumchecker/-/sumchecker-3.0.1.tgz"
  "version" "3.0.1"
  dependencies:
    "debug" "^4.1.0"

"to-readable-stream@^1.0.0":
  "integrity" "sha1-zgqgwvPfat+FLvtASng+d8BHV3E="
  "resolved" "https://registry.npmjs.org/to-readable-stream/-/to-readable-stream-1.0.0.tgz"
  "version" "1.0.0"

"tunnel@^0.0.6":
  "integrity" "sha1-cvExSzSlsZLbASMk3yzFh8pH+Sw="
  "resolved" "https://registry.npmjs.org/tunnel/-/tunnel-0.0.6.tgz"
  "version" "0.0.6"

"type-fest@^0.13.1":
  "integrity" "sha1-AXLLW86AsL1ULqNI21DH4hg02TQ="
  "resolved" "https://registry.npmjs.org/type-fest/-/type-fest-0.13.1.tgz"
  "version" "0.13.1"

"typedarray@^0.0.6":
  "integrity" "sha1-hnrHTjhkGHsdPUfZlqeOxciDB3c="
  "resolved" "https://registry.npmjs.org/typedarray/-/typedarray-0.0.6.tgz"
  "version" "0.0.6"

"universalify@^0.1.0":
  "integrity" "sha1-tkb2m+OULavOzJ1mOcgNwQXvqmY="
  "resolved" "https://registry.npmjs.org/universalify/-/universalify-0.1.2.tgz"
  "version" "0.1.2"

"url-parse-lax@^3.0.0":
  "integrity" "sha1-FrXK/Afb42dsGxmZF3gj1lA6yww="
  "resolved" "https://registry.npmjs.org/url-parse-lax/-/url-parse-lax-3.0.0.tgz"
  "version" "3.0.0"
  dependencies:
    "prepend-http" "^2.0.0"

"util-deprecate@~1.0.1":
  "integrity" "sha1-RQ1Nyfpw3nMnYvvS1KKJgUGaDM8="
  "resolved" "https://registry.npmjs.org/util-deprecate/-/util-deprecate-1.0.2.tgz"
  "version" "1.0.2"

"wrappy@1":
  "integrity" "sha1-tSQ9jz7BqjXxNkYFvA0QNuMKtp8="
  "resolved" "https://registry.npmjs.org/wrappy/-/wrappy-1.0.2.tgz"
  "version" "1.0.2"

"yallist@^4.0.0":
  "integrity" "sha1-m7knkNnA7/7GO+c1GeEaNQGaOnI="
  "resolved" "https://registry.npmjs.org/yallist/-/yallist-4.0.0.tgz"
  "version" "4.0.0"

"yauzl@^2.10.0":
  "integrity" "sha1-x+sXyT4RLLEIb6bY5R+wZnt5pfk="
  "resolved" "https://registry.npmjs.org/yauzl/-/yauzl-2.10.0.tgz"
  "version" "2.10.0"
  dependencies:
    "buffer-crc32" "~0.2.3"
    "fd-slicer" "~1.1.0"
